// !$*UTF8*$!
{
	archiveVersion = 1;
	classes = {
	};
	objectVersion = 46;
	objects = {

/* Begin PBXBuildFile section */
		7E3CBD8815B23D5C004986C4 /* AVFoundation.framework in Frameworks */ = {isa = PBXBuildFile; fileRef = 7E3CBD8215B23D5C004986C4 /* AVFoundation.framework */; };
		7E3CBD8915B23D5C004986C4 /* libxml2.dylib in Frameworks */ = {isa = PBXBuildFile; fileRef = 7E3CBD8315B23D5C004986C4 /* libxml2.dylib */; };
		7E3CBD8A15B23D5C004986C4 /* MobileCoreServices.framework in Frameworks */ = {isa = PBXBuildFile; fileRef = 7E3CBD8415B23D5C004986C4 /* MobileCoreServices.framework */; };
		7E3CBD8B15B23D5C004986C4 /* QuartzCore.framework in Frameworks */ = {isa = PBXBuildFile; fileRef = 7E3CBD8515B23D5C004986C4 /* QuartzCore.framework */; };
		7E3CBD8C15B23D5C004986C4 /* Security.framework in Frameworks */ = {isa = PBXBuildFile; fileRef = 7E3CBD8615B23D5C004986C4 /* Security.framework */; };
		7E3CBD8D15B23D5C004986C4 /* SystemConfiguration.framework in Frameworks */ = {isa = PBXBuildFile; fileRef = 7E3CBD8715B23D5C004986C4 /* SystemConfiguration.framework */; };
		7E3CBD9015B23D6C004986C4 /* libRestKit.a in Frameworks */ = {isa = PBXBuildFile; fileRef = 7E3CBD6C15B23CE2004986C4 /* libRestKit.a */; };
		7E3CBD9215B23DCE004986C4 /* CoreData.framework in Frameworks */ = {isa = PBXBuildFile; fileRef = 7E3CBD9115B23DCE004986C4 /* CoreData.framework */; };
		7E3CBDAA15B23E15004986C4 /* CFNetwork.framework in Frameworks */ = {isa = PBXBuildFile; fileRef = 7E3CBDA915B23E15004986C4 /* CFNetwork.framework */; };
		7E3CBDAE15B23E4C004986C4 /* Waypoint.m in Sources */ = {isa = PBXBuildFile; fileRef = 7E3CBDAD15B23E4C004986C4 /* Waypoint.m */; };
		7E3CBDB115B23EF0004986C4 /* WaypointListViewController.m in Sources */ = {isa = PBXBuildFile; fileRef = 7E3CBDB015B23EF0004986C4 /* WaypointListViewController.m */; };
		7E3CBDB315B23EFD004986C4 /* WaypointListView.xib in Resources */ = {isa = PBXBuildFile; fileRef = 7E3CBDB215B23EFD004986C4 /* WaypointListView.xib */; };
		7E78DF2415B22D490082A66A /* UIKit.framework in Frameworks */ = {isa = PBXBuildFile; fileRef = 7E78DF2315B22D490082A66A /* UIKit.framework */; };
		7E78DF2615B22D490082A66A /* Foundation.framework in Frameworks */ = {isa = PBXBuildFile; fileRef = 7E78DF2515B22D490082A66A /* Foundation.framework */; };
		7E78DF2815B22D490082A66A /* CoreGraphics.framework in Frameworks */ = {isa = PBXBuildFile; fileRef = 7E78DF2715B22D490082A66A /* CoreGraphics.framework */; };
		7E78DF2E15B22D490082A66A /* InfoPlist.strings in Resources */ = {isa = PBXBuildFile; fileRef = 7E78DF2C15B22D490082A66A /* InfoPlist.strings */; };
		7E78DF3015B22D490082A66A /* main.m in Sources */ = {isa = PBXBuildFile; fileRef = 7E78DF2F15B22D490082A66A /* main.m */; };
		7E78DF3415B22D490082A66A /* AppDelegate.m in Sources */ = {isa = PBXBuildFile; fileRef = 7E78DF3315B22D490082A66A /* AppDelegate.m */; };
		7E78DF5015B22DC90082A66A /* MainWindow.xib in Resources */ = {isa = PBXBuildFile; fileRef = 7E78DF4F15B22DC90082A66A /* MainWindow.xib */; };
		7E78DF5215B230250082A66A /* CoreLocation.framework in Frameworks */ = {isa = PBXBuildFile; fileRef = 7E78DF5115B230250082A66A /* CoreLocation.framework */; };
		7E7906F715BBC1C700BC2E6D /* logo.png in Resources */ = {isa = PBXBuildFile; fileRef = 7E7906F515BBC1C700BC2E6D /* logo.png */; };
		7E7906F815BBC1C700BC2E6D /* logo@2x.png in Resources */ = {isa = PBXBuildFile; fileRef = 7E7906F615BBC1C700BC2E6D /* logo@2x.png */; };
		7E79070815BBC6CD00BC2E6D /* MainWindow-iPad.xib in Resources */ = {isa = PBXBuildFile; fileRef = 7E79070715BBC6CD00BC2E6D /* MainWindow-iPad.xib */; };
		7EC085BB15B4FF2400F2CA31 /* iTunesArtwork in Resources */ = {isa = PBXBuildFile; fileRef = 7EC085B715B4FF2400F2CA31 /* iTunesArtwork */; };
		7EC085C415B5006B00F2CA31 /* Default.png in Resources */ = {isa = PBXBuildFile; fileRef = 7EC085C215B5006B00F2CA31 /* Default.png */; };
		7EC085C515B5006B00F2CA31 /* Default@2x.png in Resources */ = {isa = PBXBuildFile; fileRef = 7EC085C315B5006B00F2CA31 /* Default@2x.png */; };
		7EC085C815B5014F00F2CA31 /* SettingsViewController.m in Sources */ = {isa = PBXBuildFile; fileRef = 7EC085C715B5014F00F2CA31 /* SettingsViewController.m */; };
		7EC085CA15B5031F00F2CA31 /* SettingsView.xib in Resources */ = {isa = PBXBuildFile; fileRef = 7EC085C915B5031F00F2CA31 /* SettingsView.xib */; };
		7ED8D59315BF22D700751E83 /* Icon.png in Resources */ = {isa = PBXBuildFile; fileRef = 7ED8D59115BF22D700751E83 /* Icon.png */; };
		7ED8D59415BF22D700751E83 /* Icon@2x.png in Resources */ = {isa = PBXBuildFile; fileRef = 7ED8D59215BF22D700751E83 /* Icon@2x.png */; };
		7ED8D59615BF22DD00751E83 /* Icon-72.png in Resources */ = {isa = PBXBuildFile; fileRef = 7ED8D59515BF22DD00751E83 /* Icon-72.png */; };
/* End PBXBuildFile section */

/* Begin PBXContainerItemProxy section */
		7E3CBD6B15B23CE2004986C4 /* PBXContainerItemProxy */ = {
			isa = PBXContainerItemProxy;
			containerPortal = 7E3CBD6015B23CE1004986C4 /* RestKit.xcodeproj */;
			proxyType = 2;
			remoteGlobalIDString = 25160D1614564E810060A5C5;
			remoteInfo = RestKit;
		};
		7E3CBD6D15B23CE2004986C4 /* PBXContainerItemProxy */ = {
			isa = PBXContainerItemProxy;
			containerPortal = 7E3CBD6015B23CE1004986C4 /* RestKit.xcodeproj */;
			proxyType = 2;
			remoteGlobalIDString = 25160D2614564E820060A5C5;
			remoteInfo = RestKitTests;
		};
		7E3CBD6F15B23CE2004986C4 /* PBXContainerItemProxy */ = {
			isa = PBXContainerItemProxy;
			containerPortal = 7E3CBD6015B23CE1004986C4 /* RestKit.xcodeproj */;
			proxyType = 2;
			remoteGlobalIDString = 25160E62145651060060A5C5;
			remoteInfo = RestKitFramework;
		};
		7E3CBD7115B23CE2004986C4 /* PBXContainerItemProxy */ = {
			isa = PBXContainerItemProxy;
			containerPortal = 7E3CBD6015B23CE1004986C4 /* RestKit.xcodeproj */;
			proxyType = 2;
			remoteGlobalIDString = 25160E78145651060060A5C5;
			remoteInfo = RestKitFrameworkTests;
		};
		7E3CBD7315B23CE2004986C4 /* PBXContainerItemProxy */ = {
			isa = PBXContainerItemProxy;
			containerPortal = 7E3CBD6015B23CE1004986C4 /* RestKit.xcodeproj */;
			proxyType = 2;
			remoteGlobalIDString = 259C301615128079003066A2;
			remoteInfo = RestKitResources;
		};
		7E3CBD8E15B23D68004986C4 /* PBXContainerItemProxy */ = {
			isa = PBXContainerItemProxy;
			containerPortal = 7E3CBD6015B23CE1004986C4 /* RestKit.xcodeproj */;
			proxyType = 1;
			remoteGlobalIDString = 25160D1514564E810060A5C5;
			remoteInfo = RestKit;
		};
/* End PBXContainerItemProxy section */

/* Begin PBXFileReference section */
		7E3CBD6015B23CE1004986C4 /* RestKit.xcodeproj */ = {isa = PBXFileReference; lastKnownFileType = "wrapper.pb-project"; name = RestKit.xcodeproj; path = RestKit/RestKit.xcodeproj; sourceTree = "<group>"; };
		7E3CBD8215B23D5C004986C4 /* AVFoundation.framework */ = {isa = PBXFileReference; lastKnownFileType = wrapper.framework; name = AVFoundation.framework; path = System/Library/Frameworks/AVFoundation.framework; sourceTree = SDKROOT; };
		7E3CBD8315B23D5C004986C4 /* libxml2.dylib */ = {isa = PBXFileReference; lastKnownFileType = "compiled.mach-o.dylib"; name = libxml2.dylib; path = usr/lib/libxml2.dylib; sourceTree = SDKROOT; };
		7E3CBD8415B23D5C004986C4 /* MobileCoreServices.framework */ = {isa = PBXFileReference; lastKnownFileType = wrapper.framework; name = MobileCoreServices.framework; path = System/Library/Frameworks/MobileCoreServices.framework; sourceTree = SDKROOT; };
		7E3CBD8515B23D5C004986C4 /* QuartzCore.framework */ = {isa = PBXFileReference; lastKnownFileType = wrapper.framework; name = QuartzCore.framework; path = System/Library/Frameworks/QuartzCore.framework; sourceTree = SDKROOT; };
		7E3CBD8615B23D5C004986C4 /* Security.framework */ = {isa = PBXFileReference; lastKnownFileType = wrapper.framework; name = Security.framework; path = System/Library/Frameworks/Security.framework; sourceTree = SDKROOT; };
		7E3CBD8715B23D5C004986C4 /* SystemConfiguration.framework */ = {isa = PBXFileReference; lastKnownFileType = wrapper.framework; name = SystemConfiguration.framework; path = System/Library/Frameworks/SystemConfiguration.framework; sourceTree = SDKROOT; };
		7E3CBD9115B23DCE004986C4 /* CoreData.framework */ = {isa = PBXFileReference; lastKnownFileType = wrapper.framework; name = CoreData.framework; path = System/Library/Frameworks/CoreData.framework; sourceTree = SDKROOT; };
		7E3CBDA915B23E15004986C4 /* CFNetwork.framework */ = {isa = PBXFileReference; lastKnownFileType = wrapper.framework; name = CFNetwork.framework; path = System/Library/Frameworks/CFNetwork.framework; sourceTree = SDKROOT; };
		7E3CBDAC15B23E4C004986C4 /* Waypoint.h */ = {isa = PBXFileReference; fileEncoding = 4; lastKnownFileType = sourcecode.c.h; path = Waypoint.h; sourceTree = "<group>"; };
		7E3CBDAD15B23E4C004986C4 /* Waypoint.m */ = {isa = PBXFileReference; fileEncoding = 4; lastKnownFileType = sourcecode.c.objc; path = Waypoint.m; sourceTree = "<group>"; };
		7E3CBDAF15B23EF0004986C4 /* WaypointListViewController.h */ = {isa = PBXFileReference; fileEncoding = 4; lastKnownFileType = sourcecode.c.h; path = WaypointListViewController.h; sourceTree = "<group>"; };
		7E3CBDB015B23EF0004986C4 /* WaypointListViewController.m */ = {isa = PBXFileReference; fileEncoding = 4; lastKnownFileType = sourcecode.c.objc; path = WaypointListViewController.m; sourceTree = "<group>"; };
		7E3CBDB215B23EFD004986C4 /* WaypointListView.xib */ = {isa = PBXFileReference; fileEncoding = 4; lastKnownFileType = file.xib; path = WaypointListView.xib; sourceTree = "<group>"; };
		7E78DF1F15B22D490082A66A /* Haunt.app */ = {isa = PBXFileReference; explicitFileType = wrapper.application; includeInIndex = 0; path = Haunt.app; sourceTree = BUILT_PRODUCTS_DIR; };
		7E78DF2315B22D490082A66A /* UIKit.framework */ = {isa = PBXFileReference; lastKnownFileType = wrapper.framework; name = UIKit.framework; path = System/Library/Frameworks/UIKit.framework; sourceTree = SDKROOT; };
		7E78DF2515B22D490082A66A /* Foundation.framework */ = {isa = PBXFileReference; lastKnownFileType = wrapper.framework; name = Foundation.framework; path = System/Library/Frameworks/Foundation.framework; sourceTree = SDKROOT; };
		7E78DF2715B22D490082A66A /* CoreGraphics.framework */ = {isa = PBXFileReference; lastKnownFileType = wrapper.framework; name = CoreGraphics.framework; path = System/Library/Frameworks/CoreGraphics.framework; sourceTree = SDKROOT; };
		7E78DF2B15B22D490082A66A /* Haunt-Info.plist */ = {isa = PBXFileReference; lastKnownFileType = text.plist.xml; path = "Haunt-Info.plist"; sourceTree = "<group>"; };
		7E78DF2D15B22D490082A66A /* en */ = {isa = PBXFileReference; lastKnownFileType = text.plist.strings; name = en; path = en.lproj/InfoPlist.strings; sourceTree = "<group>"; };
		7E78DF2F15B22D490082A66A /* main.m */ = {isa = PBXFileReference; lastKnownFileType = sourcecode.c.objc; path = main.m; sourceTree = "<group>"; };
		7E78DF3115B22D490082A66A /* Haunt-Prefix.pch */ = {isa = PBXFileReference; lastKnownFileType = sourcecode.c.h; path = "Haunt-Prefix.pch"; sourceTree = "<group>"; };
		7E78DF3215B22D490082A66A /* AppDelegate.h */ = {isa = PBXFileReference; lastKnownFileType = sourcecode.c.h; path = AppDelegate.h; sourceTree = "<group>"; };
		7E78DF3315B22D490082A66A /* AppDelegate.m */ = {isa = PBXFileReference; lastKnownFileType = sourcecode.c.objc; path = AppDelegate.m; sourceTree = "<group>"; };
		7E78DF4F15B22DC90082A66A /* MainWindow.xib */ = {isa = PBXFileReference; fileEncoding = 4; lastKnownFileType = file.xib; path = MainWindow.xib; sourceTree = "<group>"; };
		7E78DF5115B230250082A66A /* CoreLocation.framework */ = {isa = PBXFileReference; lastKnownFileType = wrapper.framework; name = CoreLocation.framework; path = System/Library/Frameworks/CoreLocation.framework; sourceTree = SDKROOT; };
		7E7906F515BBC1C700BC2E6D /* logo.png */ = {isa = PBXFileReference; lastKnownFileType = image.png; path = logo.png; sourceTree = "<group>"; };
		7E7906F615BBC1C700BC2E6D /* logo@2x.png */ = {isa = PBXFileReference; lastKnownFileType = image.png; path = "logo@2x.png"; sourceTree = "<group>"; };
		7E79070715BBC6CD00BC2E6D /* MainWindow-iPad.xib */ = {isa = PBXFileReference; lastKnownFileType = file.xib; name = "MainWindow-iPad.xib"; path = "iPad/MainWindow-iPad.xib"; sourceTree = "<group>"; };
		7EC085B715B4FF2400F2CA31 /* iTunesArtwork */ = {isa = PBXFileReference; lastKnownFileType = file; path = iTunesArtwork; sourceTree = "<group>"; };
		7EC085C215B5006B00F2CA31 /* Default.png */ = {isa = PBXFileReference; lastKnownFileType = image.png; path = Default.png; sourceTree = "<group>"; };
		7EC085C315B5006B00F2CA31 /* Default@2x.png */ = {isa = PBXFileReference; lastKnownFileType = image.png; path = "Default@2x.png"; sourceTree = "<group>"; };
		7EC085C615B5014F00F2CA31 /* SettingsViewController.h */ = {isa = PBXFileReference; fileEncoding = 4; lastKnownFileType = sourcecode.c.h; path = SettingsViewController.h; sourceTree = "<group>"; };
		7EC085C715B5014F00F2CA31 /* SettingsViewController.m */ = {isa = PBXFileReference; fileEncoding = 4; lastKnownFileType = sourcecode.c.objc; path = SettingsViewController.m; sourceTree = "<group>"; };
		7EC085C915B5031F00F2CA31 /* SettingsView.xib */ = {isa = PBXFileReference; fileEncoding = 4; lastKnownFileType = file.xib; path = SettingsView.xib; sourceTree = "<group>"; };
		7ED8D59115BF22D700751E83 /* Icon.png */ = {isa = PBXFileReference; lastKnownFileType = image.png; path = Icon.png; sourceTree = "<group>"; };
		7ED8D59215BF22D700751E83 /* Icon@2x.png */ = {isa = PBXFileReference; lastKnownFileType = image.png; path = "Icon@2x.png"; sourceTree = "<group>"; };
		7ED8D59515BF22DD00751E83 /* Icon-72.png */ = {isa = PBXFileReference; lastKnownFileType = image.png; path = "Icon-72.png"; sourceTree = "<group>"; };
/* End PBXFileReference section */

/* Begin PBXFrameworksBuildPhase section */
		7E78DF1C15B22D490082A66A /* Frameworks */ = {
			isa = PBXFrameworksBuildPhase;
			buildActionMask = 2147483647;
			files = (
				7E3CBDAA15B23E15004986C4 /* CFNetwork.framework in Frameworks */,
				7E3CBD9215B23DCE004986C4 /* CoreData.framework in Frameworks */,
				7E3CBD9015B23D6C004986C4 /* libRestKit.a in Frameworks */,
				7E3CBD8815B23D5C004986C4 /* AVFoundation.framework in Frameworks */,
				7E3CBD8915B23D5C004986C4 /* libxml2.dylib in Frameworks */,
				7E3CBD8A15B23D5C004986C4 /* MobileCoreServices.framework in Frameworks */,
				7E3CBD8B15B23D5C004986C4 /* QuartzCore.framework in Frameworks */,
				7E3CBD8C15B23D5C004986C4 /* Security.framework in Frameworks */,
				7E3CBD8D15B23D5C004986C4 /* SystemConfiguration.framework in Frameworks */,
				7E78DF5215B230250082A66A /* CoreLocation.framework in Frameworks */,
				7E78DF2415B22D490082A66A /* UIKit.framework in Frameworks */,
				7E78DF2615B22D490082A66A /* Foundation.framework in Frameworks */,
				7E78DF2815B22D490082A66A /* CoreGraphics.framework in Frameworks */,
			);
			runOnlyForDeploymentPostprocessing = 0;
		};
/* End PBXFrameworksBuildPhase section */

/* Begin PBXGroup section */
		7E3CBD6115B23CE1004986C4 /* Products */ = {
			isa = PBXGroup;
			children = (
				7E3CBD6C15B23CE2004986C4 /* libRestKit.a */,
				7E3CBD6E15B23CE2004986C4 /* RestKitTests.octest */,
				7E3CBD7015B23CE2004986C4 /* RestKit.framework */,
				7E3CBD7215B23CE2004986C4 /* RestKitFrameworkTests.octest */,
				7E3CBD7415B23CE2004986C4 /* RestKitResources.bundle */,
			);
			name = Products;
			sourceTree = "<group>";
		};
		7E3CBDAB15B23E26004986C4 /* Models */ = {
			isa = PBXGroup;
			children = (
				7E3CBDAC15B23E4C004986C4 /* Waypoint.h */,
				7E3CBDAD15B23E4C004986C4 /* Waypoint.m */,
			);
			name = Models;
			sourceTree = "<group>";
		};
		7E78DF1415B22D490082A66A = {
			isa = PBXGroup;
			children = (
				7E3CBD6015B23CE1004986C4 /* RestKit.xcodeproj */,
				7E78DF2915B22D490082A66A /* Haunt */,
				7E78DF2215B22D490082A66A /* Frameworks */,
				7E78DF2015B22D490082A66A /* Products */,
			);
			sourceTree = "<group>";
		};
		7E78DF2015B22D490082A66A /* Products */ = {
			isa = PBXGroup;
			children = (
				7E78DF1F15B22D490082A66A /* Haunt.app */,
			);
			name = Products;
			sourceTree = "<group>";
		};
		7E78DF2215B22D490082A66A /* Frameworks */ = {
			isa = PBXGroup;
			children = (
				7E3CBDA915B23E15004986C4 /* CFNetwork.framework */,
				7E3CBD9115B23DCE004986C4 /* CoreData.framework */,
				7E3CBD8215B23D5C004986C4 /* AVFoundation.framework */,
				7E3CBD8315B23D5C004986C4 /* libxml2.dylib */,
				7E3CBD8415B23D5C004986C4 /* MobileCoreServices.framework */,
				7E3CBD8515B23D5C004986C4 /* QuartzCore.framework */,
				7E3CBD8615B23D5C004986C4 /* Security.framework */,
				7E3CBD8715B23D5C004986C4 /* SystemConfiguration.framework */,
				7E78DF5115B230250082A66A /* CoreLocation.framework */,
				7E78DF2315B22D490082A66A /* UIKit.framework */,
				7E78DF2515B22D490082A66A /* Foundation.framework */,
				7E78DF2715B22D490082A66A /* CoreGraphics.framework */,
			);
			name = Frameworks;
			sourceTree = "<group>";
		};
		7E78DF2915B22D490082A66A /* Haunt */ = {
			isa = PBXGroup;
			children = (
				7E3CBDAB15B23E26004986C4 /* Models */,
				7E78DF4E15B22DB50082A66A /* Resources */,
				7E79070615BBC6CD00BC2E6D /* iPad */,
				7E78DF3215B22D490082A66A /* AppDelegate.h */,
				7E78DF3315B22D490082A66A /* AppDelegate.m */,
				7E78DF2A15B22D490082A66A /* Supporting Files */,
				7E3CBDAF15B23EF0004986C4 /* WaypointListViewController.h */,
				7E3CBDB015B23EF0004986C4 /* WaypointListViewController.m */,
				7EC085C615B5014F00F2CA31 /* SettingsViewController.h */,
				7EC085C715B5014F00F2CA31 /* SettingsViewController.m */,
			);
			path = Haunt;
			sourceTree = "<group>";
		};
		7E78DF2A15B22D490082A66A /* Supporting Files */ = {
			isa = PBXGroup;
			children = (
				7E78DF2B15B22D490082A66A /* Haunt-Info.plist */,
				7E78DF2C15B22D490082A66A /* InfoPlist.strings */,
				7E78DF2F15B22D490082A66A /* main.m */,
				7E78DF3115B22D490082A66A /* Haunt-Prefix.pch */,
			);
			name = "Supporting Files";
			sourceTree = "<group>";
		};
		7E78DF4E15B22DB50082A66A /* Resources */ = {
			isa = PBXGroup;
			children = (
				7ED8D59115BF22D700751E83 /* Icon.png */,
				7ED8D59215BF22D700751E83 /* Icon@2x.png */,
				7E7906F515BBC1C700BC2E6D /* logo.png */,
				7E7906F615BBC1C700BC2E6D /* logo@2x.png */,
				7EC085C215B5006B00F2CA31 /* Default.png */,
				7EC085C315B5006B00F2CA31 /* Default@2x.png */,
				7EC085B715B4FF2400F2CA31 /* iTunesArtwork */,
				7E78DF4F15B22DC90082A66A /* MainWindow.xib */,
				7E3CBDB215B23EFD004986C4 /* WaypointListView.xib */,
				7EC085C915B5031F00F2CA31 /* SettingsView.xib */,
			);
			name = Resources;
			sourceTree = "<group>";
		};
		7E79070615BBC6CD00BC2E6D /* iPad */ = {
			isa = PBXGroup;
			children = (
				7ED8D59515BF22DD00751E83 /* Icon-72.png */,
				7E79070715BBC6CD00BC2E6D /* MainWindow-iPad.xib */,
			);
			name = iPad;
			sourceTree = "<group>";
		};
/* End PBXGroup section */

/* Begin PBXNativeTarget section */
		7E78DF1E15B22D490082A66A /* Haunt */ = {
			isa = PBXNativeTarget;
			buildConfigurationList = 7E78DF4B15B22D490082A66A /* Build configuration list for PBXNativeTarget "Haunt" */;
			buildPhases = (
				7E78DF1B15B22D490082A66A /* Sources */,
				7E78DF1C15B22D490082A66A /* Frameworks */,
				7E78DF1D15B22D490082A66A /* Resources */,
			);
			buildRules = (
			);
			dependencies = (
				7E3CBD8F15B23D68004986C4 /* PBXTargetDependency */,
			);
			name = Haunt;
			productName = Haunt;
			productReference = 7E78DF1F15B22D490082A66A /* Haunt.app */;
			productType = "com.apple.product-type.application";
		};
/* End PBXNativeTarget section */

/* Begin PBXProject section */
		7E78DF1615B22D490082A66A /* Project object */ = {
			isa = PBXProject;
			attributes = {
				LastUpgradeCheck = 0430;
			};
			buildConfigurationList = 7E78DF1915B22D490082A66A /* Build configuration list for PBXProject "Haunt" */;
			compatibilityVersion = "Xcode 3.2";
			developmentRegion = English;
			hasScannedForEncodings = 0;
			knownRegions = (
				en,
			);
			mainGroup = 7E78DF1415B22D490082A66A;
			productRefGroup = 7E78DF2015B22D490082A66A /* Products */;
			projectDirPath = "";
			projectReferences = (
				{
					ProductGroup = 7E3CBD6115B23CE1004986C4 /* Products */;
					ProjectRef = 7E3CBD6015B23CE1004986C4 /* RestKit.xcodeproj */;
				},
			);
			projectRoot = "";
			targets = (
				7E78DF1E15B22D490082A66A /* Haunt */,
			);
		};
/* End PBXProject section */

/* Begin PBXReferenceProxy section */
		7E3CBD6C15B23CE2004986C4 /* libRestKit.a */ = {
			isa = PBXReferenceProxy;
			fileType = archive.ar;
			path = libRestKit.a;
			remoteRef = 7E3CBD6B15B23CE2004986C4 /* PBXContainerItemProxy */;
			sourceTree = BUILT_PRODUCTS_DIR;
		};
		7E3CBD6E15B23CE2004986C4 /* RestKitTests.octest */ = {
			isa = PBXReferenceProxy;
			fileType = wrapper.cfbundle;
			path = RestKitTests.octest;
			remoteRef = 7E3CBD6D15B23CE2004986C4 /* PBXContainerItemProxy */;
			sourceTree = BUILT_PRODUCTS_DIR;
		};
		7E3CBD7015B23CE2004986C4 /* RestKit.framework */ = {
			isa = PBXReferenceProxy;
			fileType = wrapper.framework;
			path = RestKit.framework;
			remoteRef = 7E3CBD6F15B23CE2004986C4 /* PBXContainerItemProxy */;
			sourceTree = BUILT_PRODUCTS_DIR;
		};
		7E3CBD7215B23CE2004986C4 /* RestKitFrameworkTests.octest */ = {
			isa = PBXReferenceProxy;
			fileType = wrapper.cfbundle;
			path = RestKitFrameworkTests.octest;
			remoteRef = 7E3CBD7115B23CE2004986C4 /* PBXContainerItemProxy */;
			sourceTree = BUILT_PRODUCTS_DIR;
		};
		7E3CBD7415B23CE2004986C4 /* RestKitResources.bundle */ = {
			isa = PBXReferenceProxy;
			fileType = wrapper.cfbundle;
			path = RestKitResources.bundle;
			remoteRef = 7E3CBD7315B23CE2004986C4 /* PBXContainerItemProxy */;
			sourceTree = BUILT_PRODUCTS_DIR;
		};
/* End PBXReferenceProxy section */

/* Begin PBXResourcesBuildPhase section */
		7E78DF1D15B22D490082A66A /* Resources */ = {
			isa = PBXResourcesBuildPhase;
			buildActionMask = 2147483647;
			files = (
				7E78DF2E15B22D490082A66A /* InfoPlist.strings in Resources */,
				7E78DF5015B22DC90082A66A /* MainWindow.xib in Resources */,
				7E3CBDB315B23EFD004986C4 /* WaypointListView.xib in Resources */,
				7EC085BB15B4FF2400F2CA31 /* iTunesArtwork in Resources */,
				7EC085C415B5006B00F2CA31 /* Default.png in Resources */,
				7EC085C515B5006B00F2CA31 /* Default@2x.png in Resources */,
				7EC085CA15B5031F00F2CA31 /* SettingsView.xib in Resources */,
				7E7906F715BBC1C700BC2E6D /* logo.png in Resources */,
				7E7906F815BBC1C700BC2E6D /* logo@2x.png in Resources */,
				7E79070815BBC6CD00BC2E6D /* MainWindow-iPad.xib in Resources */,
				7ED8D59315BF22D700751E83 /* Icon.png in Resources */,
				7ED8D59415BF22D700751E83 /* Icon@2x.png in Resources */,
				7ED8D59615BF22DD00751E83 /* Icon-72.png in Resources */,
			);
			runOnlyForDeploymentPostprocessing = 0;
		};
/* End PBXResourcesBuildPhase section */

/* Begin PBXSourcesBuildPhase section */
		7E78DF1B15B22D490082A66A /* Sources */ = {
			isa = PBXSourcesBuildPhase;
			buildActionMask = 2147483647;
			files = (
				7E78DF3015B22D490082A66A /* main.m in Sources */,
				7E78DF3415B22D490082A66A /* AppDelegate.m in Sources */,
				7E3CBDAE15B23E4C004986C4 /* Waypoint.m in Sources */,
				7E3CBDB115B23EF0004986C4 /* WaypointListViewController.m in Sources */,
				7EC085C815B5014F00F2CA31 /* SettingsViewController.m in Sources */,
			);
			runOnlyForDeploymentPostprocessing = 0;
		};
/* End PBXSourcesBuildPhase section */

/* Begin PBXTargetDependency section */
		7E3CBD8F15B23D68004986C4 /* PBXTargetDependency */ = {
			isa = PBXTargetDependency;
			name = RestKit;
			targetProxy = 7E3CBD8E15B23D68004986C4 /* PBXContainerItemProxy */;
		};
/* End PBXTargetDependency section */

/* Begin PBXVariantGroup section */
		7E78DF2C15B22D490082A66A /* InfoPlist.strings */ = {
			isa = PBXVariantGroup;
			children = (
				7E78DF2D15B22D490082A66A /* en */,
			);
			name = InfoPlist.strings;
			sourceTree = "<group>";
		};
/* End PBXVariantGroup section */

/* Begin XCBuildConfiguration section */
		7E78DF4915B22D490082A66A /* Debug */ = {
			isa = XCBuildConfiguration;
			buildSettings = {
				ALWAYS_SEARCH_USER_PATHS = NO;
				ARCHS = "$(ARCHS_STANDARD_32_BIT)";
				CLANG_ENABLE_OBJC_ARC = YES;
				"CODE_SIGN_IDENTITY[sdk=iphoneos*]" = "iPhone Developer";
				COPY_PHASE_STRIP = NO;
				GCC_C_LANGUAGE_STANDARD = gnu99;
				GCC_DYNAMIC_NO_PIC = NO;
				GCC_OPTIMIZATION_LEVEL = 0;
				GCC_PREPROCESSOR_DEFINITIONS = (
					"DEBUG=1",
					"$(inherited)",
				);
				GCC_SYMBOLS_PRIVATE_EXTERN = NO;
				GCC_VERSION = com.apple.compilers.llvm.clang.1_0;
				GCC_WARN_ABOUT_RETURN_TYPE = YES;
				GCC_WARN_UNINITIALIZED_AUTOS = YES;
				GCC_WARN_UNUSED_VARIABLE = YES;
				IPHONEOS_DEPLOYMENT_TARGET = 5.1;
				SDKROOT = iphoneos;
			};
			name = Debug;
		};
		7E78DF4A15B22D490082A66A /* Release */ = {
			isa = XCBuildConfiguration;
			buildSettings = {
				ALWAYS_SEARCH_USER_PATHS = NO;
				ARCHS = "$(ARCHS_STANDARD_32_BIT)";
				CLANG_ENABLE_OBJC_ARC = YES;
				"CODE_SIGN_IDENTITY[sdk=iphoneos*]" = "iPhone Developer";
				COPY_PHASE_STRIP = YES;
				GCC_C_LANGUAGE_STANDARD = gnu99;
				GCC_VERSION = com.apple.compilers.llvm.clang.1_0;
				GCC_WARN_ABOUT_RETURN_TYPE = YES;
				GCC_WARN_UNINITIALIZED_AUTOS = YES;
				GCC_WARN_UNUSED_VARIABLE = YES;
				IPHONEOS_DEPLOYMENT_TARGET = 5.1;
				OTHER_CFLAGS = "-DNS_BLOCK_ASSERTIONS=1";
				SDKROOT = iphoneos;
				VALIDATE_PRODUCT = YES;
			};
			name = Release;
		};
		7E78DF4C15B22D490082A66A /* Debug */ = {
			isa = XCBuildConfiguration;
			buildSettings = {
				GCC_PRECOMPILE_PREFIX_HEADER = YES;
				GCC_PREFIX_HEADER = "Haunt/Haunt-Prefix.pch";
				HEADER_SEARCH_PATHS = "\"$(BUILT_PRODUCTS_DIR)/../../Headers\"";
				INFOPLIST_FILE = "Haunt/Haunt-Info.plist";
				IPHONEOS_DEPLOYMENT_TARGET = 4.1;
				OTHER_LDFLAGS = (
					"-ObjC",
					"-all_load",
				);
				PRODUCT_NAME = "$(TARGET_NAME)";
				TARGETED_DEVICE_FAMILY = "1,2";
				WRAPPER_EXTENSION = app;
			};
			name = Debug;
		};
		7E78DF4D15B22D490082A66A /* Release */ = {
			isa = XCBuildConfiguration;
			buildSettings = {
				"CODE_SIGN_IDENTITY[sdk=iphoneos*]" = "iPhone Distribution";
				GCC_PRECOMPILE_PREFIX_HEADER = YES;
				GCC_PREFIX_HEADER = "Haunt/Haunt-Prefix.pch";
				HEADER_SEARCH_PATHS = "\"$(BUILT_PRODUCTS_DIR)/../../Headers\"";
				INFOPLIST_FILE = "Haunt/Haunt-Info.plist";
				IPHONEOS_DEPLOYMENT_TARGET = 4.1;
				OTHER_LDFLAGS = (
					"-ObjC",
					"-all_load",
				);
				PRODUCT_NAME = "$(TARGET_NAME)";
				"PROVISIONING_PROFILE[sdk=iphoneos*]" = "";
				TARGETED_DEVICE_FAMILY = "1,2";
				WRAPPER_EXTENSION = app;
			};
			name = Release;
		};
/* End XCBuildConfiguration section */

/* Begin XCConfigurationList section */
		7E78DF1915B22D490082A66A /* Build configuration list for PBXProject "Haunt" */ = {
			isa = XCConfigurationList;
			buildConfigurations = (
				7E78DF4915B22D490082A66A /* Debug */,
				7E78DF4A15B22D490082A66A /* Release */,
			);
			defaultConfigurationIsVisible = 0;
			defaultConfigurationName = Release;
		};
		7E78DF4B15B22D490082A66A /* Build configuration list for PBXNativeTarget "Haunt" */ = {
			isa = XCConfigurationList;
			buildConfigurations = (
				7E78DF4C15B22D490082A66A /* Debug */,
				7E78DF4D15B22D490082A66A /* Release */,
			);
			defaultConfigurationIsVisible = 0;
			defaultConfigurationName = Release;
		};
/* End XCConfigurationList section */
	};
	rootObject = 7E78DF1615B22D490082A66A /* Project object */;
}
